
Microsoft Visual Studio Solution File, Format Version 12.00
# Visual Studio Version 17
VisualStudioVersion = 17.4.33205.214
MinimumVisualStudioVersion = 10.0.40219.1
Project("{9A19103F-16F7-4668-BE54-9A1E7A4F7556}") = "Arch", "src\Arch\Arch.csproj", "{D169F06F-F721-4D38-BC1E-9E3F7924B981}"
EndProject
Project("{9A19103F-16F7-4668-BE54-9A1E7A4F7556}") = "Arch.Benchmarks", "src\Arch.Benchmarks\Arch.Benchmarks.csproj", "{F7CC359A-23BA-4E17-8938-D9C297B53677}"
EndProject
Project("{9A19103F-16F7-4668-BE54-9A1E7A4F7556}") = "Arch.Samples", "src\Arch.Samples\Arch.Samples.csproj", "{1A999F16-5944-4F66-B8C2-A2695B3FE74D}"
EndProject
Project("{9A19103F-16F7-4668-BE54-9A1E7A4F7556}") = "Arch.SourceGen", "src\Arch.SourceGen\Arch.SourceGen.csproj", "{FBF2AE5A-36BC-4047-8983-4280A9F0EA1C}"
EndProject
Project("{9A19103F-16F7-4668-BE54-9A1E7A4F7556}") = "Arch.Tests", "src\Arch.Tests\Arch.Tests.csproj", "{ED70B997-588C-4CD3-88BA-8C7E99A0064B}"
EndProject
Project("{2150E333-8FDC-42A3-9474-1A3956D46DE8}") = "Solution Items", "Solution Items", "{A9FB855D-C82E-401A-A09D-95CB3486E053}"
	ProjectSection(SolutionItems) = preProject
		.editorconfig = .editorconfig
		LICENSE.md = LICENSE.md
		README.md = README.md
	EndProjectSection
EndProject
Global
	GlobalSection(SolutionConfigurationPlatforms) = preSolution
		Debug|Any CPU = Debug|Any CPU
		Debug-Events|Any CPU = Debug-Events|Any CPU
		Debug-PureECS|Any CPU = Debug-PureECS|Any CPU
		Release|Any CPU = Release|Any CPU
		Release-Events|Any CPU = Release-Events|Any CPU
		Release-PureECS|Any CPU = Release-PureECS|Any CPU
	EndGlobalSection
	GlobalSection(ProjectConfigurationPlatforms) = postSolution
		{D169F06F-F721-4D38-BC1E-9E3F7924B981}.Debug|Any CPU.ActiveCfg = Debug|Any CPU
		{D169F06F-F721-4D38-BC1E-9E3F7924B981}.Debug|Any CPU.Build.0 = Debug|Any CPU
		{D169F06F-F721-4D38-BC1E-9E3F7924B981}.Debug-Events|Any CPU.ActiveCfg = Debug-Events|Any CPU
		{D169F06F-F721-4D38-BC1E-9E3F7924B981}.Debug-Events|Any CPU.Build.0 = Debug-Events|Any CPU
		{D169F06F-F721-4D38-BC1E-9E3F7924B981}.Debug-PureECS|Any CPU.ActiveCfg = Debug-PureECS|Any CPU
		{D169F06F-F721-4D38-BC1E-9E3F7924B981}.Debug-PureECS|Any CPU.Build.0 = Debug-PureECS|Any CPU
		{D169F06F-F721-4D38-BC1E-9E3F7924B981}.Release|Any CPU.ActiveCfg = Release|Any CPU
		{D169F06F-F721-4D38-BC1E-9E3F7924B981}.Release|Any CPU.Build.0 = Release|Any CPU
		{D169F06F-F721-4D38-BC1E-9E3F7924B981}.Release-Events|Any CPU.ActiveCfg = Release-Events|Any CPU
		{D169F06F-F721-4D38-BC1E-9E3F7924B981}.Release-Events|Any CPU.Build.0 = Release-Events|Any CPU
		{D169F06F-F721-4D38-BC1E-9E3F7924B981}.Release-PureECS|Any CPU.ActiveCfg = Release-PureECS|Any CPU
		{D169F06F-F721-4D38-BC1E-9E3F7924B981}.Release-PureECS|Any CPU.Build.0 = Release-PureECS|Any CPU
		{F7CC359A-23BA-4E17-8938-D9C297B53677}.Debug|Any CPU.ActiveCfg = Release|Any CPU
		{F7CC359A-23BA-4E17-8938-D9C297B53677}.Debug|Any CPU.Build.0 = Release|Any CPU
		{F7CC359A-23BA-4E17-8938-D9C297B53677}.Debug-Events|Any CPU.ActiveCfg = Debug-Events|Any CPU
		{F7CC359A-23BA-4E17-8938-D9C297B53677}.Debug-Events|Any CPU.Build.0 = Debug-Events|Any CPU
		{F7CC359A-23BA-4E17-8938-D9C297B53677}.Debug-PureECS|Any CPU.ActiveCfg = Debug-PureECS|Any CPU
		{F7CC359A-23BA-4E17-8938-D9C297B53677}.Debug-PureECS|Any CPU.Build.0 = Debug-PureECS|Any CPU
		{F7CC359A-23BA-4E17-8938-D9C297B53677}.Release|Any CPU.ActiveCfg = Release|Any CPU
		{F7CC359A-23BA-4E17-8938-D9C297B53677}.Release|Any CPU.Build.0 = Release|Any CPU
		{F7CC359A-23BA-4E17-8938-D9C297B53677}.Release-Events|Any CPU.ActiveCfg = Release-Events|Any CPU
		{F7CC359A-23BA-4E17-8938-D9C297B53677}.Release-Events|Any CPU.Build.0 = Release-Events|Any CPU
		{F7CC359A-23BA-4E17-8938-D9C297B53677}.Release-PureECS|Any CPU.ActiveCfg = Release-PureECS|Any CPU
		{F7CC359A-23BA-4E17-8938-D9C297B53677}.Release-PureECS|Any CPU.Build.0 = Release-PureECS|Any CPU
		{1A999F16-5944-4F66-B8C2-A2695B3FE74D}.Debug|Any CPU.ActiveCfg = Debug|Any CPU
		{1A999F16-5944-4F66-B8C2-A2695B3FE74D}.Debug|Any CPU.Build.0 = Debug|Any CPU
		{1A999F16-5944-4F66-B8C2-A2695B3FE74D}.Debug-Events|Any CPU.ActiveCfg = Debug-Events|Any CPU
		{1A999F16-5944-4F66-B8C2-A2695B3FE74D}.Debug-Events|Any CPU.Build.0 = Debug-Events|Any CPU
		{1A999F16-5944-4F66-B8C2-A2695B3FE74D}.Debug-PureECS|Any CPU.ActiveCfg = Debug-PureECS|Any CPU
		{1A999F16-5944-4F66-B8C2-A2695B3FE74D}.Debug-PureECS|Any CPU.Build.0 = Debug-PureECS|Any CPU
		{1A999F16-5944-4F66-B8C2-A2695B3FE74D}.Release|Any CPU.ActiveCfg = Release|Any CPU
		{1A999F16-5944-4F66-B8C2-A2695B3FE74D}.Release|Any CPU.Build.0 = Release|Any CPU
		{1A999F16-5944-4F66-B8C2-A2695B3FE74D}.Release-Events|Any CPU.ActiveCfg = Release-Events|Any CPU
		{1A999F16-5944-4F66-B8C2-A2695B3FE74D}.Release-Events|Any CPU.Build.0 = Release-Events|Any CPU
		{1A999F16-5944-4F66-B8C2-A2695B3FE74D}.Release-PureECS|Any CPU.ActiveCfg = Release-PureECS|Any CPU
		{1A999F16-5944-4F66-B8C2-A2695B3FE74D}.Release-PureECS|Any CPU.Build.0 = Release-PureECS|Any CPU
		{FBF2AE5A-36BC-4047-8983-4280A9F0EA1C}.Debug|Any CPU.ActiveCfg = Debug|Any CPU
		{FBF2AE5A-36BC-4047-8983-4280A9F0EA1C}.Debug|Any CPU.Build.0 = Debug|Any CPU
		{FBF2AE5A-36BC-4047-8983-4280A9F0EA1C}.Debug-Events|Any CPU.ActiveCfg = Debug-Events|Any CPU
		{FBF2AE5A-36BC-4047-8983-4280A9F0EA1C}.Debug-Events|Any CPU.Build.0 = Debug-Events|Any CPU
		{FBF2AE5A-36BC-4047-8983-4280A9F0EA1C}.Debug-PureECS|Any CPU.ActiveCfg = Debug-PureECS|Any CPU
		{FBF2AE5A-36BC-4047-8983-4280A9F0EA1C}.Debug-PureECS|Any CPU.Build.0 = Debug-PureECS|Any CPU
		{FBF2AE5A-36BC-4047-8983-4280A9F0EA1C}.Release|Any CPU.ActiveCfg = Release|Any CPU
		{FBF2AE5A-36BC-4047-8983-4280A9F0EA1C}.Release|Any CPU.Build.0 = Release|Any CPU
		{FBF2AE5A-36BC-4047-8983-4280A9F0EA1C}.Release-Events|Any CPU.ActiveCfg = Release-Events|Any CPU
		{FBF2AE5A-36BC-4047-8983-4280A9F0EA1C}.Release-Events|Any CPU.Build.0 = Release-Events|Any CPU
		{FBF2AE5A-36BC-4047-8983-4280A9F0EA1C}.Release-PureECS|Any CPU.ActiveCfg = Release-PureECS|Any CPU
		{FBF2AE5A-36BC-4047-8983-4280A9F0EA1C}.Release-PureECS|Any CPU.Build.0 = Release-PureECS|Any CPU
		{ED70B997-588C-4CD3-88BA-8C7E99A0064B}.Debug|Any CPU.ActiveCfg = Debug|Any CPU
		{ED70B997-588C-4CD3-88BA-8C7E99A0064B}.Debug|Any CPU.Build.0 = Debug|Any CPU
		{ED70B997-588C-4CD3-88BA-8C7E99A0064B}.Debug-Events|Any CPU.ActiveCfg = Debug-Events|Any CPU
		{ED70B997-588C-4CD3-88BA-8C7E99A0064B}.Debug-Events|Any CPU.Build.0 = Debug-Events|Any CPU
		{ED70B997-588C-4CD3-88BA-8C7E99A0064B}.Debug-PureECS|Any CPU.ActiveCfg = Debug-PureECS|Any CPU
		{ED70B997-588C-4CD3-88BA-8C7E99A0064B}.Debug-PureECS|Any CPU.Build.0 = Debug-PureECS|Any CPU
		{ED70B997-588C-4CD3-88BA-8C7E99A0064B}.Release|Any CPU.ActiveCfg = Release|Any CPU
		{ED70B997-588C-4CD3-88BA-8C7E99A0064B}.Release|Any CPU.Build.0 = Release|Any CPU
		{ED70B997-588C-4CD3-88BA-8C7E99A0064B}.Release-Events|Any CPU.ActiveCfg = Release-Events|Any CPU
		{ED70B997-588C-4CD3-88BA-8C7E99A0064B}.Release-Events|Any CPU.Build.0 = Release-Events|Any CPU
		{ED70B997-588C-4CD3-88BA-8C7E99A0064B}.Release-PureECS|Any CPU.ActiveCfg = Release-PureECS|Any CPU
		{ED70B997-588C-4CD3-88BA-8C7E99A0064B}.Release-PureECS|Any CPU.Build.0 = Release-PureECS|Any CPU
	EndGlobalSection
	GlobalSection(SolutionProperties) = preSolution
		HideSolutionNode = FALSE
	EndGlobalSection
	GlobalSection(ExtensibilityGlobals) = postSolution
		SolutionGuid = {6C6CBCE1-5166-4D8E-83C6-6BB776651C04}
	EndGlobalSection
EndGlobal
